
Microsoft Visual Studio Solution File, Format Version 12.00
# Visual Studio 15
VisualStudioVersion = 15.0.28010.2036
MinimumVisualStudioVersion = 10.0.40219.1
Project("{FAE04EC0-301F-11D3-BF4B-00C04F79EFBC}") = "Presentation", "RailwayPlanningSystem\Presentation.csproj", "{A1D0A82B-F1E3-4529-83C4-743A27516802}"
EndProject
Project("{FAE04EC0-301F-11D3-BF4B-00C04F79EFBC}") = "Business", "Business\Business.csproj", "{E8FB781D-874B-4DF9-BFF1-615E95F0CBDA}"
EndProject
Project("{FAE04EC0-301F-11D3-BF4B-00C04F79EFBC}") = "Data", "Data\Data.csproj", "{F9EB52EE-5771-4925-9BDA-3A324462C057}"
EndProject
Project("{FAE04EC0-301F-11D3-BF4B-00C04F79EFBC}") = "TrainsTest", "TrainsTest\TrainsTest.csproj", "{559CE1B2-9090-47C0-85B3-B44277B2CAD4}"
EndProject
Global
	GlobalSection(SolutionConfigurationPlatforms) = preSolution
		Debug|Any CPU = Debug|Any CPU
		Release|Any CPU = Release|Any CPU
	EndGlobalSection
	GlobalSection(ProjectConfigurationPlatforms) = postSolution
		{A1D0A82B-F1E3-4529-83C4-743A27516802}.Debug|Any CPU.ActiveCfg = Debug|Any CPU
		{A1D0A82B-F1E3-4529-83C4-743A27516802}.Debug|Any CPU.Build.0 = Debug|Any CPU
		{A1D0A82B-F1E3-4529-83C4-743A27516802}.Release|Any CPU.ActiveCfg = Release|Any CPU
		{A1D0A82B-F1E3-4529-83C4-743A27516802}.Release|Any CPU.Build.0 = Release|Any CPU
		{E8FB781D-874B-4DF9-BFF1-615E95F0CBDA}.Debug|Any CPU.ActiveCfg = Debug|Any CPU
		{E8FB781D-874B-4DF9-BFF1-615E95F0CBDA}.Debug|Any CPU.Build.0 = Debug|Any CPU
		{E8FB781D-874B-4DF9-BFF1-615E95F0CBDA}.Release|Any CPU.ActiveCfg = Release|Any CPU
		{E8FB781D-874B-4DF9-BFF1-615E95F0CBDA}.Release|Any CPU.Build.0 = Release|Any CPU
		{F9EB52EE-5771-4925-9BDA-3A324462C057}.Debug|Any CPU.ActiveCfg = Debug|Any CPU
		{F9EB52EE-5771-4925-9BDA-3A324462C057}.Debug|Any CPU.Build.0 = Debug|Any CPU
		{F9EB52EE-5771-4925-9BDA-3A324462C057}.Release|Any CPU.ActiveCfg = Release|Any CPU
		{F9EB52EE-5771-4925-9BDA-3A324462C057}.Release|Any CPU.Build.0 = Release|Any CPU
		{559CE1B2-9090-47C0-85B3-B44277B2CAD4}.Debug|Any CPU.ActiveCfg = Debug|Any CPU
		{559CE1B2-9090-47C0-85B3-B44277B2CAD4}.Debug|Any CPU.Build.0 = Debug|Any CPU
		{559CE1B2-9090-47C0-85B3-B44277B2CAD4}.Release|Any CPU.ActiveCfg = Release|Any CPU
		{559CE1B2-9090-47C0-85B3-B44277B2CAD4}.Release|Any CPU.Build.0 = Release|Any CPU
	EndGlobalSection
	GlobalSection(SolutionProperties) = preSolution
		HideSolutionNode = FALSE
	EndGlobalSection
	GlobalSection(ExtensibilityGlobals) = postSolution
		SolutionGuid = {665E11E9-01C3-454B-B2E1-0B98266FB367}
	EndGlobalSection
EndGlobal
